// !$*UTF8*$!
{
	archiveVersion = 1;
	classes = {
	};
	objectVersion = 46;
	objects = {

/* Begin PBXBuildFile section */
		3DB2687D1BBB6454000A4590 /* main.m in Sources */ = {isa = PBXBuildFile; fileRef = 3DB2687C1BBB6454000A4590 /* main.m */; };
		3DB268801BBB6454000A4590 /* AppDelegate.m in Sources */ = {isa = PBXBuildFile; fileRef = 3DB2687F1BBB6454000A4590 /* AppDelegate.m */; };
		3DB268881BBB6454000A4590 /* Assets.xcassets in Resources */ = {isa = PBXBuildFile; fileRef = 3DB268871BBB6454000A4590 /* Assets.xcassets */; };
		3DB2688B1BBB6454000A4590 /* LaunchScreen.storyboard in Resources */ = {isa = PBXBuildFile; fileRef = 3DB268891BBB6454000A4590 /* LaunchScreen.storyboard */; };
		3DB268961BBB6455000A4590 /* basicChatTests.m in Sources */ = {isa = PBXBuildFile; fileRef = 3DB268951BBB6455000A4590 /* basicChatTests.m */; };
		3DB268A11BBB6455000A4590 /* basicChatUITests.m in Sources */ = {isa = PBXBuildFile; fileRef = 3DB268A01BBB6455000A4590 /* basicChatUITests.m */; };
		3DB268B41BBB662B000A4590 /* LoginViewController.m in Sources */ = {isa = PBXBuildFile; fileRef = 3DB268B31BBB662B000A4590 /* LoginViewController.m */; };
		3DB268B81BBB669F000A4590 /* ChatRoomViewController.m in Sources */ = {isa = PBXBuildFile; fileRef = 3DB268B71BBB669F000A4590 /* ChatRoomViewController.m */; };
		3DB268BB1BBBC719000A4590 /* ChatRoomViewCell.m in Sources */ = {isa = PBXBuildFile; fileRef = 3DB268BA1BBBC719000A4590 /* ChatRoomViewCell.m */; };
/* End PBXBuildFile section */

/* Begin PBXContainerItemProxy section */
		3DB268921BBB6455000A4590 /* PBXContainerItemProxy */ = {
			isa = PBXContainerItemProxy;
			containerPortal = 3DB268701BBB6454000A4590 /* Project object */;
			proxyType = 1;
			remoteGlobalIDString = 3DB268771BBB6454000A4590;
			remoteInfo = basicChat;
		};
		3DB2689D1BBB6455000A4590 /* PBXContainerItemProxy */ = {
			isa = PBXContainerItemProxy;
			containerPortal = 3DB268701BBB6454000A4590 /* Project object */;
			proxyType = 1;
			remoteGlobalIDString = 3DB268771BBB6454000A4590;
			remoteInfo = basicChat;
		};
/* End PBXContainerItemProxy section */

/* Begin PBXFileReference section */
		3DB268781BBB6454000A4590 /* basicChat.app */ = {isa = PBXFileReference; explicitFileType = wrapper.application; includeInIndex = 0; path = basicChat.app; sourceTree = BUILT_PRODUCTS_DIR; };
		3DB2687C1BBB6454000A4590 /* main.m */ = {isa = PBXFileReference; lastKnownFileType = sourcecode.c.objc; path = main.m; sourceTree = "<group>"; };
		3DB2687E1BBB6454000A4590 /* AppDelegate.h */ = {isa = PBXFileReference; lastKnownFileType = sourcecode.c.h; path = AppDelegate.h; sourceTree = "<group>"; };
		3DB2687F1BBB6454000A4590 /* AppDelegate.m */ = {isa = PBXFileReference; lastKnownFileType = sourcecode.c.objc; path = AppDelegate.m; sourceTree = "<group>"; };
		3DB268871BBB6454000A4590 /* Assets.xcassets */ = {isa = PBXFileReference; lastKnownFileType = folder.assetcatalog; path = Assets.xcassets; sourceTree = "<group>"; };
		3DB2688A1BBB6454000A4590 /* Base */ = {isa = PBXFileReference; lastKnownFileType = file.storyboard; name = Base; path = Base.lproj/LaunchScreen.storyboard; sourceTree = "<group>"; };
		3DB2688C1BBB6454000A4590 /* Info.plist */ = {isa = PBXFileReference; lastKnownFileType = text.plist.xml; path = Info.plist; sourceTree = "<group>"; };
		3DB268911BBB6455000A4590 /* basicChatTests.xctest */ = {isa = PBXFileReference; explicitFileType = wrapper.cfbundle; includeInIndex = 0; path = basicChatTests.xctest; sourceTree = BUILT_PRODUCTS_DIR; };
		3DB268951BBB6455000A4590 /* basicChatTests.m */ = {isa = PBXFileReference; lastKnownFileType = sourcecode.c.objc; path = basicChatTests.m; sourceTree = "<group>"; };
		3DB268971BBB6455000A4590 /* Info.plist */ = {isa = PBXFileReference; lastKnownFileType = text.plist.xml; path = Info.plist; sourceTree = "<group>"; };
		3DB2689C1BBB6455000A4590 /* basicChatUITests.xctest */ = {isa = PBXFileReference; explicitFileType = wrapper.cfbundle; includeInIndex = 0; path = basicChatUITests.xctest; sourceTree = BUILT_PRODUCTS_DIR; };
		3DB268A01BBB6455000A4590 /* basicChatUITests.m */ = {isa = PBXFileReference; lastKnownFileType = sourcecode.c.objc; path = basicChatUITests.m; sourceTree = "<group>"; };
		3DB268A21BBB6455000A4590 /* Info.plist */ = {isa = PBXFileReference; lastKnownFileType = text.plist.xml; path = Info.plist; sourceTree = "<group>"; };
		3DB268B21BBB662B000A4590 /* LoginViewController.h */ = {isa = PBXFileReference; fileEncoding = 4; lastKnownFileType = sourcecode.c.h; path = LoginViewController.h; sourceTree = "<group>"; };
		3DB268B31BBB662B000A4590 /* LoginViewController.m */ = {isa = PBXFileReference; fileEncoding = 4; lastKnownFileType = sourcecode.c.objc; path = LoginViewController.m; sourceTree = "<group>"; };
		3DB268B61BBB669F000A4590 /* ChatRoomViewController.h */ = {isa = PBXFileReference; fileEncoding = 4; lastKnownFileType = sourcecode.c.h; path = ChatRoomViewController.h; sourceTree = "<group>"; };
		3DB268B71BBB669F000A4590 /* ChatRoomViewController.m */ = {isa = PBXFileReference; fileEncoding = 4; lastKnownFileType = sourcecode.c.objc; path = ChatRoomViewController.m; sourceTree = "<group>"; };
		3DB268B91BBBC719000A4590 /* ChatRoomViewCell.h */ = {isa = PBXFileReference; fileEncoding = 4; lastKnownFileType = sourcecode.c.h; path = ChatRoomViewCell.h; sourceTree = "<group>"; };
		3DB268BA1BBBC719000A4590 /* ChatRoomViewCell.m */ = {isa = PBXFileReference; fileEncoding = 4; lastKnownFileType = sourcecode.c.objc; path = ChatRoomViewCell.m; sourceTree = "<group>"; };
/* End PBXFileReference section */

/* Begin PBXFrameworksBuildPhase section */
		3DB268751BBB6454000A4590 /* Frameworks */ = {
			isa = PBXFrameworksBuildPhase;
			buildActionMask = 2147483647;
			files = (
			);
			runOnlyForDeploymentPostprocessing = 0;
		};
		3DB2688E1BBB6455000A4590 /* Frameworks */ = {
			isa = PBXFrameworksBuildPhase;
			buildActionMask = 2147483647;
			files = (
			);
			runOnlyForDeploymentPostprocessing = 0;
		};
		3DB268991BBB6455000A4590 /* Frameworks */ = {
			isa = PBXFrameworksBuildPhase;
			buildActionMask = 2147483647;
			files = (
			);
			runOnlyForDeploymentPostprocessing = 0;
		};
/* End PBXFrameworksBuildPhase section */

/* Begin PBXGroup section */
		3DB2686F1BBB6454000A4590 = {
			isa = PBXGroup;
			children = (
				3DB2687A1BBB6454000A4590 /* basicChat */,
				3DB268941BBB6455000A4590 /* basicChatTests */,
				3DB2689F1BBB6455000A4590 /* basicChatUITests */,
				3DB268791BBB6454000A4590 /* Products */,
			);
			sourceTree = "<group>";
		};
		3DB268791BBB6454000A4590 /* Products */ = {
			isa = PBXGroup;
			children = (
				3DB268781BBB6454000A4590 /* basicChat.app */,
				3DB268911BBB6455000A4590 /* basicChatTests.xctest */,
				3DB2689C1BBB6455000A4590 /* basicChatUITests.xctest */,
			);
			name = Products;
			sourceTree = "<group>";
		};
		3DB2687A1BBB6454000A4590 /* basicChat */ = {
			isa = PBXGroup;
			children = (
				3DB2687E1BBB6454000A4590 /* AppDelegate.h */,
				3DB2687F1BBB6454000A4590 /* AppDelegate.m */,
				3DB268B11BBB65E6000A4590 /* login */,
				3DB268B51BBB668A000A4590 /* chatroom */,
				3DB268871BBB6454000A4590 /* Assets.xcassets */,
				3DB268891BBB6454000A4590 /* LaunchScreen.storyboard */,
				3DB2688C1BBB6454000A4590 /* Info.plist */,
				3DB2687B1BBB6454000A4590 /* Supporting Files */,
			);
			path = basicChat;
			sourceTree = "<group>";
		};
		3DB2687B1BBB6454000A4590 /* Supporting Files */ = {
			isa = PBXGroup;
			children = (
				3DB2687C1BBB6454000A4590 /* main.m */,
			);
			name = "Supporting Files";
			sourceTree = "<group>";
		};
		3DB268941BBB6455000A4590 /* basicChatTests */ = {
			isa = PBXGroup;
			children = (
				3DB268951BBB6455000A4590 /* basicChatTests.m */,
				3DB268971BBB6455000A4590 /* Info.plist */,
			);
			path = basicChatTests;
			sourceTree = "<group>";
		};
		3DB2689F1BBB6455000A4590 /* basicChatUITests */ = {
			isa = PBXGroup;
			children = (
				3DB268A01BBB6455000A4590 /* basicChatUITests.m */,
				3DB268A21BBB6455000A4590 /* Info.plist */,
			);
			path = basicChatUITests;
			sourceTree = "<group>";
		};
		3DB268B11BBB65E6000A4590 /* login */ = {
			isa = PBXGroup;
			children = (
				3DB268B21BBB662B000A4590 /* LoginViewController.h */,
				3DB268B31BBB662B000A4590 /* LoginViewController.m */,
			);
			name = login;
			sourceTree = "<group>";
		};
		3DB268B51BBB668A000A4590 /* chatroom */ = {
			isa = PBXGroup;
			children = (
				3DB268B61BBB669F000A4590 /* ChatRoomViewController.h */,
				3DB268B71BBB669F000A4590 /* ChatRoomViewController.m */,
				3DB268B91BBBC719000A4590 /* ChatRoomViewCell.h */,
				3DB268BA1BBBC719000A4590 /* ChatRoomViewCell.m */,
			);
			name = chatroom;
			sourceTree = "<group>";
		};
/* End PBXGroup section */

/* Begin PBXNativeTarget section */
		3DB268771BBB6454000A4590 /* basicChat */ = {
			isa = PBXNativeTarget;
			buildConfigurationList = 3DB268A51BBB6455000A4590 /* Build configuration list for PBXNativeTarget "basicChat" */;
			buildPhases = (
				3DB268741BBB6454000A4590 /* Sources */,
				3DB268751BBB6454000A4590 /* Frameworks */,
				3DB268761BBB6454000A4590 /* Resources */,
			);
			buildRules = (
			);
			dependencies = (
			);
			name = basicChat;
			productName = basicChat;
			productReference = 3DB268781BBB6454000A4590 /* basicChat.app */;
			productType = "com.apple.product-type.application";
		};
		3DB268901BBB6455000A4590 /* basicChatTests */ = {
			isa = PBXNativeTarget;
			buildConfigurationList = 3DB268A81BBB6455000A4590 /* Build configuration list for PBXNativeTarget "basicChatTests" */;
			buildPhases = (
				3DB2688D1BBB6455000A4590 /* Sources */,
				3DB2688E1BBB6455000A4590 /* Frameworks */,
				3DB2688F1BBB6455000A4590 /* Resources */,
			);
			buildRules = (
			);
			dependencies = (
				3DB268931BBB6455000A4590 /* PBXTargetDependency */,
			);
			name = basicChatTests;
			productName = basicChatTests;
			productReference = 3DB268911BBB6455000A4590 /* basicChatTests.xctest */;
			productType = "com.apple.product-type.bundle.unit-test";
		};
		3DB2689B1BBB6455000A4590 /* basicChatUITests */ = {
			isa = PBXNativeTarget;
			buildConfigurationList = 3DB268AB1BBB6455000A4590 /* Build configuration list for PBXNativeTarget "basicChatUITests" */;
			buildPhases = (
				3DB268981BBB6455000A4590 /* Sources */,
				3DB268991BBB6455000A4590 /* Frameworks */,
				3DB2689A1BBB6455000A4590 /* Resources */,
			);
			buildRules = (
			);
			dependencies = (
				3DB2689E1BBB6455000A4590 /* PBXTargetDependency */,
			);
			name = basicChatUITests;
			productName = basicChatUITests;
			productReference = 3DB2689C1BBB6455000A4590 /* basicChatUITests.xctest */;
			productType = "com.apple.product-type.bundle.ui-testing";
		};
/* End PBXNativeTarget section */

/* Begin PBXProject section */
		3DB268701BBB6454000A4590 /* Project object */ = {
			isa = PBXProject;
			attributes = {
				LastUpgradeCheck = 0700;
				ORGANIZATIONNAME = Kang;
				TargetAttributes = {
					3DB268771BBB6454000A4590 = {
						CreatedOnToolsVersion = 7.0.1;
						DevelopmentTeam = 2HUVC9AWHR;
					};
					3DB268901BBB6455000A4590 = {
						CreatedOnToolsVersion = 7.0.1;
						TestTargetID = 3DB268771BBB6454000A4590;
					};
					3DB2689B1BBB6455000A4590 = {
						CreatedOnToolsVersion = 7.0.1;
						TestTargetID = 3DB268771BBB6454000A4590;
					};
				};
			};
			buildConfigurationList = 3DB268731BBB6454000A4590 /* Build configuration list for PBXProject "basicChat" */;
			compatibilityVersion = "Xcode 3.2";
			developmentRegion = English;
			hasScannedForEncodings = 0;
			knownRegions = (
				en,
				Base,
			);
			mainGroup = 3DB2686F1BBB6454000A4590;
			productRefGroup = 3DB268791BBB6454000A4590 /* Products */;
			projectDirPath = "";
			projectRoot = "";
			targets = (
				3DB268771BBB6454000A4590 /* basicChat */,
				3DB268901BBB6455000A4590 /* basicChatTests */,
				3DB2689B1BBB6455000A4590 /* basicChatUITests */,
			);
		};
/* End PBXProject section */

/* Begin PBXResourcesBuildPhase section */
		3DB268761BBB6454000A4590 /* Resources */ = {
			isa = PBXResourcesBuildPhase;
			buildActionMask = 2147483647;
			files = (
				3DB2688B1BBB6454000A4590 /* LaunchScreen.storyboard in Resources */,
				3DB268881BBB6454000A4590 /* Assets.xcassets in Resources */,
			);
			runOnlyForDeploymentPostprocessing = 0;
		};
		3DB2688F1BBB6455000A4590 /* Resources */ = {
			isa = PBXResourcesBuildPhase;
			buildActionMask = 2147483647;
			files = (
			);
			runOnlyForDeploymentPostprocessing = 0;
		};
		3DB2689A1BBB6455000A4590 /* Resources */ = {
			isa = PBXResourcesBuildPhase;
			buildActionMask = 2147483647;
			files = (
			);
			runOnlyForDeploymentPostprocessing = 0;
		};
/* End PBXResourcesBuildPhase section */

/* Begin PBXSourcesBuildPhase section */
		3DB268741BBB6454000A4590 /* Sources */ = {
			isa = PBXSourcesBuildPhase;
			buildActionMask = 2147483647;
			files = (
				3DB268801BBB6454000A4590 /* AppDelegate.m in Sources */,
				3DB2687D1BBB6454000A4590 /* main.m in Sources */,
				3DB268BB1BBBC719000A4590 /* ChatRoomViewCell.m in Sources */,
				3DB268B41BBB662B000A4590 /* LoginViewController.m in Sources */,
				3DB268B81BBB669F000A4590 /* ChatRoomViewController.m in Sources */,
			);
			runOnlyForDeploymentPostprocessing = 0;
		};
		3DB2688D1BBB6455000A4590 /* Sources */ = {
			isa = PBXSourcesBuildPhase;
			buildActionMask = 2147483647;
			files = (
				3DB268961BBB6455000A4590 /* basicChatTests.m in Sources */,
			);
			runOnlyForDeploymentPostprocessing = 0;
		};
		3DB268981BBB6455000A4590 /* Sources */ = {
			isa = PBXSourcesBuildPhase;
			buildActionMask = 2147483647;
			files = (
				3DB268A11BBB6455000A4590 /* basicChatUITests.m in Sources */,
			);
			runOnlyForDeploymentPostprocessing = 0;
		};
/* End PBXSourcesBuildPhase section */

/* Begin PBXTargetDependency section */
		3DB268931BBB6455000A4590 /* PBXTargetDependency */ = {
			isa = PBXTargetDependency;
			target = 3DB268771BBB6454000A4590 /* basicChat */;
			targetProxy = 3DB268921BBB6455000A4590 /* PBXContainerItemProxy */;
		};
		3DB2689E1BBB6455000A4590 /* PBXTargetDependency */ = {
			isa = PBXTargetDependency;
			target = 3DB268771BBB6454000A4590 /* basicChat */;
			targetProxy = 3DB2689D1BBB6455000A4590 /* PBXContainerItemProxy */;
		};
/* End PBXTargetDependency section */

/* Begin PBXVariantGroup section */
		3DB268891BBB6454000A4590 /* LaunchScreen.storyboard */ = {
			isa = PBXVariantGroup;
			children = (
				3DB2688A1BBB6454000A4590 /* Base */,
			);
			name = LaunchScreen.storyboard;
			sourceTree = "<group>";
		};
/* End PBXVariantGroup section */

/* Begin XCBuildConfiguration section */
		3DB268A31BBB6455000A4590 /* Debug */ = {
			isa = XCBuildConfiguration;
			buildSettings = {
				ALWAYS_SEARCH_USER_PATHS = NO;
				CLANG_CXX_LANGUAGE_STANDARD = "gnu++0x";
				CLANG_CXX_LIBRARY = "libc++";
				CLANG_ENABLE_MODULES = YES;
				CLANG_ENABLE_OBJC_ARC = YES;
				CLANG_WARN_BOOL_CONVERSION = YES;
				CLANG_WARN_CONSTANT_CONVERSION = YES;
				CLANG_WARN_DIRECT_OBJC_ISA_USAGE = YES_ERROR;
				CLANG_WARN_EMPTY_BODY = YES;
				CLANG_WARN_ENUM_CONVERSION = YES;
				CLANG_WARN_INT_CONVERSION = YES;
				CLANG_WARN_OBJC_ROOT_CLASS = YES_ERROR;
				CLANG_WARN_UNREACHABLE_CODE = YES;
				CLANG_WARN__DUPLICATE_METHOD_MATCH = YES;
				"CODE_SIGN_IDENTITY[sdk=iphoneos*]" = "iPhone Developer";
				COPY_PHASE_STRIP = NO;
				DEBUG_INFORMATION_FORMAT = dwarf;
				ENABLE_STRICT_OBJC_MSGSEND = YES;
				ENABLE_TESTABILITY = YES;
				GCC_C_LANGUAGE_STANDARD = gnu99;
				GCC_DYNAMIC_NO_PIC = NO;
				GCC_NO_COMMON_BLOCKS = YES;
				GCC_OPTIMIZATION_LEVEL = 0;
				GCC_PREPROCESSOR_DEFINITIONS = (
					"DEBUG=1",
					"$(inherited)",
				);
				GCC_WARN_64_TO_32_BIT_CONVERSION = YES;
				GCC_WARN_ABOUT_RETURN_TYPE = YES_ERROR;
				GCC_WARN_UNDECLARED_SELECTOR = YES;
				GCC_WARN_UNINITIALIZED_AUTOS = YES_AGGRESSIVE;
				GCC_WARN_UNUSED_FUNCTION = YES;
				GCC_WARN_UNUSED_VARIABLE = YES;
				IPHONEOS_DEPLOYMENT_TARGET = 9.0;
				MTL_ENABLE_DEBUG_INFO = YES;
				ONLY_ACTIVE_ARCH = YES;
				SDKROOT = iphoneos;
			};
			name = Debug;
		};
		3DB268A41BBB6455000A4590 /* Release */ = {
			isa = XCBuildConfiguration;
			buildSettings = {
				ALWAYS_SEARCH_USER_PATHS = NO;
				CLANG_CXX_LANGUAGE_STANDARD = "gnu++0x";
				CLANG_CXX_LIBRARY = "libc++";
				CLANG_ENABLE_MODULES = YES;
				CLANG_ENABLE_OBJC_ARC = YES;
				CLANG_WARN_BOOL_CONVERSION = YES;
				CLANG_WARN_CONSTANT_CONVERSION = YES;
				CLANG_WARN_DIRECT_OBJC_ISA_USAGE = YES_ERROR;
				CLANG_WARN_EMPTY_BODY = YES;
				CLANG_WARN_ENUM_CONVERSION = YES;
				CLANG_WARN_INT_CONVERSION = YES;
				CLANG_WARN_OBJC_ROOT_CLASS = YES_ERROR;
				CLANG_WARN_UNREACHABLE_CODE = YES;
				CLANG_WARN__DUPLICATE_METHOD_MATCH = YES;
				"CODE_SIGN_IDENTITY[sdk=iphoneos*]" = "iPhone Developer";
				COPY_PHASE_STRIP = NO;
				DEBUG_INFORMATION_FORMAT = "dwarf-with-dsym";
				ENABLE_NS_ASSERTIONS = NO;
				ENABLE_STRICT_OBJC_MSGSEND = YES;
				GCC_C_LANGUAGE_STANDARD = gnu99;
				GCC_NO_COMMON_BLOCKS = YES;
				GCC_WARN_64_TO_32_BIT_CONVERSION = YES;
				GCC_WARN_ABOUT_RETURN_TYPE = YES_ERROR;
				GCC_WARN_UNDECLARED_SELECTOR = YES;
				GCC_WARN_UNINITIALIZED_AUTOS = YES_AGGRESSIVE;
				GCC_WARN_UNUSED_FUNCTION = YES;
				GCC_WARN_UNUSED_VARIABLE = YES;
				IPHONEOS_DEPLOYMENT_TARGET = 9.0;
				MTL_ENABLE_DEBUG_INFO = NO;
				SDKROOT = iphoneos;
				VALIDATE_PRODUCT = YES;
			};
			name = Release;
		};
		3DB268A61BBB6455000A4590 /* Debug */ = {
			isa = XCBuildConfiguration;
			buildSettings = {
				ASSETCATALOG_COMPILER_APPICON_NAME = AppIcon;
				CODE_SIGN_IDENTITY = "iPhone Developer";
				"CODE_SIGN_IDENTITY[sdk=iphoneos*]" = "iPhone Developer";
				INFOPLIST_FILE = basicChat/Info.plist;
				IPHONEOS_DEPLOYMENT_TARGET = 8.0;
				LD_RUNPATH_SEARCH_PATHS = "$(inherited) @executable_path/Frameworks";
				PRODUCT_BUNDLE_IDENTIFIER = ksmartech.basicChat;
				PRODUCT_NAME = "$(TARGET_NAME)";
				PROVISIONING_PROFILE = "";
			};
			name = Debug;
		};
		3DB268A71BBB6455000A4590 /* Release */ = {
			isa = XCBuildConfiguration;
			buildSettings = {
				ASSETCATALOG_COMPILER_APPICON_NAME = AppIcon;
				CODE_SIGN_IDENTITY = "iPhone Developer";
				"CODE_SIGN_IDENTITY[sdk=iphoneos*]" = "iPhone Developer";
				INFOPLIST_FILE = basicChat/Info.plist;
				IPHONEOS_DEPLOYMENT_TARGET = 8.0;
				LD_RUNPATH_SEARCH_PATHS = "$(inherited) @executable_path/Frameworks";
				PRODUCT_BUNDLE_IDENTIFIER = ksmartech.basicChat;
				PRODUCT_NAME = "$(TARGET_NAME)";
				PROVISIONING_PROFILE = "";
			};
			name = Release;
		};
		3DB268A91BBB6455000A4590 /* Debug */ = {
			isa = XCBuildConfiguration;
			buildSettings = {
				BUNDLE_LOADER = "$(TEST_HOST)";
				INFOPLIST_FILE = basicChatTests/Info.plist;
				LD_RUNPATH_SEARCH_PATHS = "$(inherited) @executable_path/Frameworks @loader_path/Frameworks";
				PRODUCT_BUNDLE_IDENTIFIER = ksmartech.basicChatTests;
				PRODUCT_NAME = "$(TARGET_NAME)";
				TEST_HOST = "$(BUILT_PRODUCTS_DIR)/basicChat.app/basicChat";
			};
			name = Debug;
		};
		3DB268AA1BBB6455000A4590 /* Release */ = {
			isa = XCBuildConfiguration;
			buildSettings = {
				BUNDLE_LOADER = "$(TEST_HOST)";
				INFOPLIST_FILE = basicChatTests/Info.plist;
				LD_RUNPATH_SEARCH_PATHS = "$(inherited) @executable_path/Frameworks @loader_path/Frameworks";
				PRODUCT_BUNDLE_IDENTIFIER = ksmartech.basicChatTests;
				PRODUCT_NAME = "$(TARGET_NAME)";
				TEST_HOST = "$(BUILT_PRODUCTS_DIR)/basicChat.app/basicChat";
			};
			name = Release;
		};
		3DB268AC1BBB6455000A4590 /* Debug */ = {
			isa = XCBuildConfiguration;
			buildSettings = {
				INFOPLIST_FILE = basicChatUITests/Info.plist;
				LD_RUNPATH_SEARCH_PATHS = "$(inherited) @executable_path/Frameworks @loader_path/Frameworks";
				PRODUCT_BUNDLE_IDENTIFIER = ksmartech.basicChatUITests;
				PRODUCT_NAME = "$(TARGET_NAME)";
				TEST_TARGET_NAME = basicChat;
				USES_XCTRUNNER = YES;
			};
			name = Debug;
		};
		3DB268AD1BBB6455000A4590 /* Release */ = {
			isa = XCBuildConfiguration;
			buildSettings = {
				INFOPLIST_FILE = basicChatUITests/Info.plist;
				LD_RUNPATH_SEARCH_PATHS = "$(inherited) @executable_path/Frameworks @loader_path/Frameworks";
				PRODUCT_BUNDLE_IDENTIFIER = ksmartech.basicChatUITests;
				PRODUCT_NAME = "$(TARGET_NAME)";
				TEST_TARGET_NAME = basicChat;
				USES_XCTRUNNER = YES;
			};
			name = Release;
		};
/* End XCBuildConfiguration section */

/* Begin XCConfigurationList section */
		3DB268731BBB6454000A4590 /* Build configuration list for PBXProject "basicChat" */ = {
			isa = XCConfigurationList;
			buildConfigurations = (
				3DB268A31BBB6455000A4590 /* Debug */,
				3DB268A41BBB6455000A4590 /* Release */,
			);
			defaultConfigurationIsVisible = 0;
			defaultConfigurationName = Release;
		};
		3DB268A51BBB6455000A4590 /* Build configuration list for PBXNativeTarget "basicChat" */ = {
			isa = XCConfigurationList;
			buildConfigurations = (
				3DB268A61BBB6455000A4590 /* Debug */,
				3DB268A71BBB6455000A4590 /* Release */,
			);
			defaultConfigurationIsVisible = 0;
			defaultConfigurationName = Release;
		};
		3DB268A81BBB6455000A4590 /* Build configuration list for PBXNativeTarget "basicChatTests" */ = {
			isa = XCConfigurationList;
			buildConfigurations = (
				3DB268A91BBB6455000A4590 /* Debug */,
				3DB268AA1BBB6455000A4590 /* Release */,
			);
			defaultConfigurationIsVisible = 0;
			defaultConfigurationName = Release;
		};
		3DB268AB1BBB6455000A4590 /* Build configuration list for PBXNativeTarget "basicChatUITests" */ = {
			isa = XCConfigurationList;
			buildConfigurations = (
				3DB268AC1BBB6455000A4590 /* Debug */,
				3DB268AD1BBB6455000A4590 /* Release */,
			);
			defaultConfigurationIsVisible = 0;
			defaultConfigurationName = Release;
		};
/* End XCConfigurationList section */
	};
	rootObject = 3DB268701BBB6454000A4590 /* Project object */;
}
